
Microsoft Visual Studio Solution File, Format Version 12.00
# Visual Studio 15
VisualStudioVersion = 15.0.27004.2006
MinimumVisualStudioVersion = 10.0.40219.1
Project("{FAE04EC0-301F-11D3-BF4B-00C04F79EFBC}") = "system.app", "system.app\system.app.csproj", "{6A789EC5-3E48-44FE-87DC-AF98EC933041}"
EndProject
Project("{FAE04EC0-301F-11D3-BF4B-00C04F79EFBC}") = "sys.win.app", "sys.win.app\sys.win.app.csproj", "{A03F2AD1-F67B-4E71-9991-04F084BA9A59}"
EndProject
Project("{FAE04EC0-301F-11D3-BF4B-00C04F79EFBC}") = "sys.app.backup", "sys.app.backup\sys.app.backup.csproj", "{FFEA3A97-21EB-44DD-97FE-7698CE8B4B0B}"
EndProject
Global
	GlobalSection(SolutionConfigurationPlatforms) = preSolution
		Debug|Any CPU = Debug|Any CPU
		Release|Any CPU = Release|Any CPU
	EndGlobalSection
	GlobalSection(ProjectConfigurationPlatforms) = postSolution
		{6A789EC5-3E48-44FE-87DC-AF98EC933041}.Debug|Any CPU.ActiveCfg = Debug|Any CPU
		{6A789EC5-3E48-44FE-87DC-AF98EC933041}.Debug|Any CPU.Build.0 = Debug|Any CPU
		{6A789EC5-3E48-44FE-87DC-AF98EC933041}.Release|Any CPU.ActiveCfg = Release|Any CPU
		{6A789EC5-3E48-44FE-87DC-AF98EC933041}.Release|Any CPU.Build.0 = Release|Any CPU
		{A03F2AD1-F67B-4E71-9991-04F084BA9A59}.Debug|Any CPU.ActiveCfg = Debug|Any CPU
		{A03F2AD1-F67B-4E71-9991-04F084BA9A59}.Debug|Any CPU.Build.0 = Debug|Any CPU
		{A03F2AD1-F67B-4E71-9991-04F084BA9A59}.Release|Any CPU.ActiveCfg = Release|Any CPU
		{A03F2AD1-F67B-4E71-9991-04F084BA9A59}.Release|Any CPU.Build.0 = Release|Any CPU
		{FFEA3A97-21EB-44DD-97FE-7698CE8B4B0B}.Debug|Any CPU.ActiveCfg = Debug|Any CPU
		{FFEA3A97-21EB-44DD-97FE-7698CE8B4B0B}.Debug|Any CPU.Build.0 = Debug|Any CPU
		{FFEA3A97-21EB-44DD-97FE-7698CE8B4B0B}.Release|Any CPU.ActiveCfg = Release|Any CPU
		{FFEA3A97-21EB-44DD-97FE-7698CE8B4B0B}.Release|Any CPU.Build.0 = Release|Any CPU
	EndGlobalSection
	GlobalSection(SolutionProperties) = preSolution
		HideSolutionNode = FALSE
	EndGlobalSection
	GlobalSection(ExtensibilityGlobals) = postSolution
		SolutionGuid = {53289DA2-1F25-4267-81BF-04E6E4AAB307}
	EndGlobalSection
EndGlobal
